[{<<"certifi">>,{pkg,<<"certifi">>,<<"0.4.0">>},2},
 {<<"egithub">>,
  {git,"git://github.com/yurrriq/erlang-github.git",
       {ref,"f39f2f117a510660a0e9442ca804ae0b140d97a5"}},
  0},
 {<<"elli">>,{pkg,<<"elli">>,<<"1.0.5">>},0},
 {<<"goldrush">>,{pkg,<<"goldrush">>,<<"0.1.8">>},2},
 {<<"hackney">>,{pkg,<<"hackney">>,<<"1.6.1">>},1},
 {<<"idna">>,{pkg,<<"idna">>,<<"1.2.0">>},2},
 {<<"jsx">>,{pkg,<<"jsx">>,<<"2.8.0">>},1},
 {<<"lager">>,{pkg,<<"lager">>,<<"3.2.1">>},1},
 {<<"metrics">>,{pkg,<<"metrics">>,<<"1.0.1">>},2},
 {<<"mimerl">>,{pkg,<<"mimerl">>,<<"1.0.2">>},2},
 {<<"ssl_verify_fun">>,{pkg,<<"ssl_verify_fun">>,<<"1.1.0">>},2}].
